
Microsoft Visual Studio Solution File, Format Version 12.00
# Visual Studio 15
VisualStudioVersion = 15.0.27130.2020
MinimumVisualStudioVersion = 10.0.40219.1
Project("{FAE04EC0-301F-11D3-BF4B-00C04F79EFBC}") = "oop2", "oop2\oop2.csproj", "{10D6180A-7881-43ED-AF12-872B678755BD}"
EndProject
Global
	GlobalSection(SolutionConfigurationPlatforms) = preSolution
		Debug|Any CPU = Debug|Any CPU
		Release|Any CPU = Release|Any CPU
	EndGlobalSection
	GlobalSection(ProjectConfigurationPlatforms) = postSolution
		{10D6180A-7881-43ED-AF12-872B678755BD}.Debug|Any CPU.ActiveCfg = Debug|Any CPU
		{10D6180A-7881-43ED-AF12-872B678755BD}.Debug|Any CPU.Build.0 = Debug|Any CPU
		{10D6180A-7881-43ED-AF12-872B678755BD}.Release|Any CPU.ActiveCfg = Release|Any CPU
		{10D6180A-7881-43ED-AF12-872B678755BD}.Release|Any CPU.Build.0 = Release|Any CPU
	EndGlobalSection
	GlobalSection(SolutionProperties) = preSolution
		HideSolutionNode = FALSE
	EndGlobalSection
	GlobalSection(ExtensibilityGlobals) = postSolution
		SolutionGuid = {10371FD8-F3FE-47B0-B0F7-D034CB4F414F}
	EndGlobalSection
EndGlobal
